// !$*UTF8*$!
{
	archiveVersion = 1;
	classes = {
	};
	objectVersion = 50;
	objects = {

/* Begin PBXBuildFile section */
		3B438C0426827F210059EF3D /* ExercisesNameArray.swift in Sources */ = {isa = PBXBuildFile; fileRef = 3B438C0326827F210059EF3D /* ExercisesNameArray.swift */; };
		3B438C0A268288570059EF3D /* ExercisesTableViewController.swift in Sources */ = {isa = PBXBuildFile; fileRef = 3B438C09268288570059EF3D /* ExercisesTableViewController.swift */; };
		3B438C102682937B0059EF3D /* ExercisesTableViewCell.swift in Sources */ = {isa = PBXBuildFile; fileRef = 3B438C0F2682937B0059EF3D /* ExercisesTableViewCell.swift */; };
		3BC2B1D32682447C00CF64F2 /* AppDelegate.swift in Sources */ = {isa = PBXBuildFile; fileRef = 3BC2B1D22682447C00CF64F2 /* AppDelegate.swift */; };
		3BC2B1D52682447C00CF64F2 /* SceneDelegate.swift in Sources */ = {isa = PBXBuildFile; fileRef = 3BC2B1D42682447C00CF64F2 /* SceneDelegate.swift */; };
		3BC2B1DA2682447C00CF64F2 /* Main.storyboard in Resources */ = {isa = PBXBuildFile; fileRef = 3BC2B1D82682447C00CF64F2 /* Main.storyboard */; };
		3BC2B1DC2682447D00CF64F2 /* Assets.xcassets in Resources */ = {isa = PBXBuildFile; fileRef = 3BC2B1DB2682447D00CF64F2 /* Assets.xcassets */; };
		3BC2B1DF2682447D00CF64F2 /* LaunchScreen.storyboard in Resources */ = {isa = PBXBuildFile; fileRef = 3BC2B1DD2682447D00CF64F2 /* LaunchScreen.storyboard */; };
		3BC2B1E7268245FB00CF64F2 /* WorkoutTableViewController.swift in Sources */ = {isa = PBXBuildFile; fileRef = 3BC2B1E6268245FB00CF64F2 /* WorkoutTableViewController.swift */; };
/* End PBXBuildFile section */

/* Begin PBXFileReference section */
		3B438C0326827F210059EF3D /* ExercisesNameArray.swift */ = {isa = PBXFileReference; lastKnownFileType = sourcecode.swift; path = ExercisesNameArray.swift; sourceTree = "<group>"; };
		3B438C09268288570059EF3D /* ExercisesTableViewController.swift */ = {isa = PBXFileReference; lastKnownFileType = sourcecode.swift; path = ExercisesTableViewController.swift; sourceTree = "<group>"; };
		3B438C0F2682937B0059EF3D /* ExercisesTableViewCell.swift */ = {isa = PBXFileReference; lastKnownFileType = sourcecode.swift; path = ExercisesTableViewCell.swift; sourceTree = "<group>"; };
		3BC2B1CF2682447C00CF64F2 /* SteelAlphaMaket.app */ = {isa = PBXFileReference; explicitFileType = wrapper.application; includeInIndex = 0; path = SteelAlphaMaket.app; sourceTree = BUILT_PRODUCTS_DIR; };
		3BC2B1D22682447C00CF64F2 /* AppDelegate.swift */ = {isa = PBXFileReference; lastKnownFileType = sourcecode.swift; path = AppDelegate.swift; sourceTree = "<group>"; };
		3BC2B1D42682447C00CF64F2 /* SceneDelegate.swift */ = {isa = PBXFileReference; lastKnownFileType = sourcecode.swift; path = SceneDelegate.swift; sourceTree = "<group>"; };
		3BC2B1D92682447C00CF64F2 /* Base */ = {isa = PBXFileReference; lastKnownFileType = file.storyboard; name = Base; path = Base.lproj/Main.storyboard; sourceTree = "<group>"; };
		3BC2B1DB2682447D00CF64F2 /* Assets.xcassets */ = {isa = PBXFileReference; lastKnownFileType = folder.assetcatalog; path = Assets.xcassets; sourceTree = "<group>"; };
		3BC2B1DE2682447D00CF64F2 /* Base */ = {isa = PBXFileReference; lastKnownFileType = file.storyboard; name = Base; path = Base.lproj/LaunchScreen.storyboard; sourceTree = "<group>"; };
		3BC2B1E02682447D00CF64F2 /* Info.plist */ = {isa = PBXFileReference; lastKnownFileType = text.plist.xml; path = Info.plist; sourceTree = "<group>"; };
		3BC2B1E6268245FB00CF64F2 /* WorkoutTableViewController.swift */ = {isa = PBXFileReference; lastKnownFileType = sourcecode.swift; path = WorkoutTableViewController.swift; sourceTree = "<group>"; };
/* End PBXFileReference section */

/* Begin PBXFrameworksBuildPhase section */
		3BC2B1CC2682447C00CF64F2 /* Frameworks */ = {
			isa = PBXFrameworksBuildPhase;
			buildActionMask = 2147483647;
			files = (
			);
			runOnlyForDeploymentPostprocessing = 0;
		};
/* End PBXFrameworksBuildPhase section */

/* Begin PBXGroup section */
		3BC2B1C62682447C00CF64F2 = {
			isa = PBXGroup;
			children = (
				3BC2B1D12682447C00CF64F2 /* SteelAlphaMaket */,
				3BC2B1D02682447C00CF64F2 /* Products */,
			);
			sourceTree = "<group>";
		};
		3BC2B1D02682447C00CF64F2 /* Products */ = {
			isa = PBXGroup;
			children = (
				3BC2B1CF2682447C00CF64F2 /* SteelAlphaMaket.app */,
			);
			name = Products;
			sourceTree = "<group>";
		};
		3BC2B1D12682447C00CF64F2 /* SteelAlphaMaket */ = {
			isa = PBXGroup;
			children = (
				3BC2B1D22682447C00CF64F2 /* AppDelegate.swift */,
				3BC2B1D42682447C00CF64F2 /* SceneDelegate.swift */,
				3BC2B1E6268245FB00CF64F2 /* WorkoutTableViewController.swift */,
				3B438C0326827F210059EF3D /* ExercisesNameArray.swift */,
				3BC2B1D82682447C00CF64F2 /* Main.storyboard */,
				3B438C09268288570059EF3D /* ExercisesTableViewController.swift */,
				3B438C0F2682937B0059EF3D /* ExercisesTableViewCell.swift */,
				3BC2B1DB2682447D00CF64F2 /* Assets.xcassets */,
				3BC2B1DD2682447D00CF64F2 /* LaunchScreen.storyboard */,
				3BC2B1E02682447D00CF64F2 /* Info.plist */,
			);
			path = SteelAlphaMaket;
			sourceTree = "<group>";
		};
/* End PBXGroup section */

/* Begin PBXNativeTarget section */
		3BC2B1CE2682447C00CF64F2 /* SteelAlphaMaket */ = {
			isa = PBXNativeTarget;
			buildConfigurationList = 3BC2B1E32682447D00CF64F2 /* Build configuration list for PBXNativeTarget "SteelAlphaMaket" */;
			buildPhases = (
				3BC2B1CB2682447C00CF64F2 /* Sources */,
				3BC2B1CC2682447C00CF64F2 /* Frameworks */,
				3BC2B1CD2682447C00CF64F2 /* Resources */,
			);
			buildRules = (
			);
			dependencies = (
			);
			name = SteelAlphaMaket;
			productName = SteelAlphaMaket;
			productReference = 3BC2B1CF2682447C00CF64F2 /* SteelAlphaMaket.app */;
			productType = "com.apple.product-type.application";
		};
/* End PBXNativeTarget section */

/* Begin PBXProject section */
		3BC2B1C72682447C00CF64F2 /* Project object */ = {
			isa = PBXProject;
			attributes = {
				LastSwiftUpdateCheck = 1250;
				LastUpgradeCheck = 1250;
				TargetAttributes = {
					3BC2B1CE2682447C00CF64F2 = {
						CreatedOnToolsVersion = 12.5.1;
					};
				};
			};
			buildConfigurationList = 3BC2B1CA2682447C00CF64F2 /* Build configuration list for PBXProject "SteelAlphaMaket" */;
			compatibilityVersion = "Xcode 9.3";
			developmentRegion = en;
			hasScannedForEncodings = 0;
			knownRegions = (
				en,
				Base,
			);
			mainGroup = 3BC2B1C62682447C00CF64F2;
			productRefGroup = 3BC2B1D02682447C00CF64F2 /* Products */;
			projectDirPath = "";
			projectRoot = "";
			targets = (
				3BC2B1CE2682447C00CF64F2 /* SteelAlphaMaket */,
			);
		};
/* End PBXProject section */

/* Begin PBXResourcesBuildPhase section */
		3BC2B1CD2682447C00CF64F2 /* Resources */ = {
			isa = PBXResourcesBuildPhase;
			buildActionMask = 2147483647;
			files = (
				3BC2B1DF2682447D00CF64F2 /* LaunchScreen.storyboard in Resources */,
				3BC2B1DC2682447D00CF64F2 /* Assets.xcassets in Resources */,
				3BC2B1DA2682447C00CF64F2 /* Main.storyboard in Resources */,
			);
			runOnlyForDeploymentPostprocessing = 0;
		};
/* End PBXResourcesBuildPhase section */

/* Begin PBXSourcesBuildPhase section */
		3BC2B1CB2682447C00CF64F2 /* Sources */ = {
			isa = PBXSourcesBuildPhase;
			buildActionMask = 2147483647;
			files = (
				3B438C0426827F210059EF3D /* ExercisesNameArray.swift in Sources */,
				3BC2B1D32682447C00CF64F2 /* AppDelegate.swift in Sources */,
				3BC2B1D52682447C00CF64F2 /* SceneDelegate.swift in Sources */,
				3BC2B1E7268245FB00CF64F2 /* WorkoutTableViewController.swift in Sources */,
				3B438C0A268288570059EF3D /* ExercisesTableViewController.swift in Sources */,
				3B438C102682937B0059EF3D /* ExercisesTableViewCell.swift in Sources */,
			);
			runOnlyForDeploymentPostprocessing = 0;
		};
/* End PBXSourcesBuildPhase section */

/* Begin PBXVariantGroup section */
		3BC2B1D82682447C00CF64F2 /* Main.storyboard */ = {
			isa = PBXVariantGroup;
			children = (
				3BC2B1D92682447C00CF64F2 /* Base */,
			);
			name = Main.storyboard;
			sourceTree = "<group>";
		};
		3BC2B1DD2682447D00CF64F2 /* LaunchScreen.storyboard */ = {
			isa = PBXVariantGroup;
			children = (
				3BC2B1DE2682447D00CF64F2 /* Base */,
			);
			name = LaunchScreen.storyboard;
			sourceTree = "<group>";
		};
/* End PBXVariantGroup section */

/* Begin XCBuildConfiguration section */
		3BC2B1E12682447D00CF64F2 /* Debug */ = {
			isa = XCBuildConfiguration;
			buildSettings = {
				ALWAYS_SEARCH_USER_PATHS = NO;
				CLANG_ANALYZER_NONNULL = YES;
				CLANG_ANALYZER_NUMBER_OBJECT_CONVERSION = YES_AGGRESSIVE;
				CLANG_CXX_LANGUAGE_STANDARD = "gnu++14";
				CLANG_CXX_LIBRARY = "libc++";
				CLANG_ENABLE_MODULES = YES;
				CLANG_ENABLE_OBJC_ARC = YES;
				CLANG_ENABLE_OBJC_WEAK = YES;
				CLANG_WARN_BLOCK_CAPTURE_AUTORELEASING = YES;
				CLANG_WARN_BOOL_CONVERSION = YES;
				CLANG_WARN_COMMA = YES;
				CLANG_WARN_CONSTANT_CONVERSION = YES;
				CLANG_WARN_DEPRECATED_OBJC_IMPLEMENTATIONS = YES;
				CLANG_WARN_DIRECT_OBJC_ISA_USAGE = YES_ERROR;
				CLANG_WARN_DOCUMENTATION_COMMENTS = YES;
				CLANG_WARN_EMPTY_BODY = YES;
				CLANG_WARN_ENUM_CONVERSION = YES;
				CLANG_WARN_INFINITE_RECURSION = YES;
				CLANG_WARN_INT_CONVERSION = YES;
				CLANG_WARN_NON_LITERAL_NULL_CONVERSION = YES;
				CLANG_WARN_OBJC_IMPLICIT_RETAIN_SELF = YES;
				CLANG_WARN_OBJC_LITERAL_CONVERSION = YES;
				CLANG_WARN_OBJC_ROOT_CLASS = YES_ERROR;
				CLANG_WARN_QUOTED_INCLUDE_IN_FRAMEWORK_HEADER = YES;
				CLANG_WARN_RANGE_LOOP_ANALYSIS = YES;
				CLANG_WARN_STRICT_PROTOTYPES = YES;
				CLANG_WARN_SUSPICIOUS_MOVE = YES;
				CLANG_WARN_UNGUARDED_AVAILABILITY = YES_AGGRESSIVE;
				CLANG_WARN_UNREACHABLE_CODE = YES;
				CLANG_WARN__DUPLICATE_METHOD_MATCH = YES;
				COPY_PHASE_STRIP = NO;
				DEBUG_INFORMATION_FORMAT = dwarf;
				ENABLE_STRICT_OBJC_MSGSEND = YES;
				ENABLE_TESTABILITY = YES;
				GCC_C_LANGUAGE_STANDARD = gnu11;
				GCC_DYNAMIC_NO_PIC = NO;
				GCC_NO_COMMON_BLOCKS = YES;
				GCC_OPTIMIZATION_LEVEL = 0;
				GCC_PREPROCESSOR_DEFINITIONS = (
					"DEBUG=1",
					"$(inherited)",
				);
				GCC_WARN_64_TO_32_BIT_CONVERSION = YES;
				GCC_WARN_ABOUT_RETURN_TYPE = YES_ERROR;
				GCC_WARN_UNDECLARED_SELECTOR = YES;
				GCC_WARN_UNINITIALIZED_AUTOS = YES_AGGRESSIVE;
				GCC_WARN_UNUSED_FUNCTION = YES;
				GCC_WARN_UNUSED_VARIABLE = YES;
				IPHONEOS_DEPLOYMENT_TARGET = 14.5;
				MTL_ENABLE_DEBUG_INFO = INCLUDE_SOURCE;
				MTL_FAST_MATH = YES;
				ONLY_ACTIVE_ARCH = YES;
				SDKROOT = iphoneos;
				SWIFT_ACTIVE_COMPILATION_CONDITIONS = DEBUG;
				SWIFT_OPTIMIZATION_LEVEL = "-Onone";
			};
			name = Debug;
		};
		3BC2B1E22682447D00CF64F2 /* Release */ = {
			isa = XCBuildConfiguration;
			buildSettings = {
				ALWAYS_SEARCH_USER_PATHS = NO;
				CLANG_ANALYZER_NONNULL = YES;
				CLANG_ANALYZER_NUMBER_OBJECT_CONVERSION = YES_AGGRESSIVE;
				CLANG_CXX_LANGUAGE_STANDARD = "gnu++14";
				CLANG_CXX_LIBRARY = "libc++";
				CLANG_ENABLE_MODULES = YES;
				CLANG_ENABLE_OBJC_ARC = YES;
				CLANG_ENABLE_OBJC_WEAK = YES;
				CLANG_WARN_BLOCK_CAPTURE_AUTORELEASING = YES;
				CLANG_WARN_BOOL_CONVERSION = YES;
				CLANG_WARN_COMMA = YES;
				CLANG_WARN_CONSTANT_CONVERSION = YES;
				CLANG_WARN_DEPRECATED_OBJC_IMPLEMENTATIONS = YES;
				CLANG_WARN_DIRECT_OBJC_ISA_USAGE = YES_ERROR;
				CLANG_WARN_DOCUMENTATION_COMMENTS = YES;
				CLANG_WARN_EMPTY_BODY = YES;
				CLANG_WARN_ENUM_CONVERSION = YES;
				CLANG_WARN_INFINITE_RECURSION = YES;
				CLANG_WARN_INT_CONVERSION = YES;
				CLANG_WARN_NON_LITERAL_NULL_CONVERSION = YES;
				CLANG_WARN_OBJC_IMPLICIT_RETAIN_SELF = YES;
				CLANG_WARN_OBJC_LITERAL_CONVERSION = YES;
				CLANG_WARN_OBJC_ROOT_CLASS = YES_ERROR;
				CLANG_WARN_QUOTED_INCLUDE_IN_FRAMEWORK_HEADER = YES;
				CLANG_WARN_RANGE_LOOP_ANALYSIS = YES;
				CLANG_WARN_STRICT_PROTOTYPES = YES;
				CLANG_WARN_SUSPICIOUS_MOVE = YES;
				CLANG_WARN_UNGUARDED_AVAILABILITY = YES_AGGRESSIVE;
				CLANG_WARN_UNREACHABLE_CODE = YES;
				CLANG_WARN__DUPLICATE_METHOD_MATCH = YES;
				COPY_PHASE_STRIP = NO;
				DEBUG_INFORMATION_FORMAT = "dwarf-with-dsym";
				ENABLE_NS_ASSERTIONS = NO;
				ENABLE_STRICT_OBJC_MSGSEND = YES;
				GCC_C_LANGUAGE_STANDARD = gnu11;
				GCC_NO_COMMON_BLOCKS = YES;
				GCC_WARN_64_TO_32_BIT_CONVERSION = YES;
				GCC_WARN_ABOUT_RETURN_TYPE = YES_ERROR;
				GCC_WARN_UNDECLARED_SELECTOR = YES;
				GCC_WARN_UNINITIALIZED_AUTOS = YES_AGGRESSIVE;
				GCC_WARN_UNUSED_FUNCTION = YES;
				GCC_WARN_UNUSED_VARIABLE = YES;
				IPHONEOS_DEPLOYMENT_TARGET = 14.5;
				MTL_ENABLE_DEBUG_INFO = NO;
				MTL_FAST_MATH = YES;
				SDKROOT = iphoneos;
				SWIFT_COMPILATION_MODE = wholemodule;
				SWIFT_OPTIMIZATION_LEVEL = "-O";
				VALIDATE_PRODUCT = YES;
			};
			name = Release;
		};
		3BC2B1E42682447D00CF64F2 /* Debug */ = {
			isa = XCBuildConfiguration;
			buildSettings = {
				ASSETCATALOG_COMPILER_APPICON_NAME = AppIcon;
				ASSETCATALOG_COMPILER_GLOBAL_ACCENT_COLOR_NAME = AccentColor;
				CODE_SIGN_STYLE = Automatic;
				DEVELOPMENT_TEAM = Z2TC3L6A9U;
				INFOPLIST_FILE = SteelAlphaMaket/Info.plist;
				LD_RUNPATH_SEARCH_PATHS = (
					"$(inherited)",
					"@executable_path/Frameworks",
				);
				PRODUCT_BUNDLE_IDENTIFIER = "Danya-Belskiy.SteelAlphaMaket";
				PRODUCT_NAME = "$(TARGET_NAME)";
				SWIFT_VERSION = 5.0;
				TARGETED_DEVICE_FAMILY = "1,2";
			};
			name = Debug;
		};
		3BC2B1E52682447D00CF64F2 /* Release */ = {
			isa = XCBuildConfiguration;
			buildSettings = {
				ASSETCATALOG_COMPILER_APPICON_NAME = AppIcon;
				ASSETCATALOG_COMPILER_GLOBAL_ACCENT_COLOR_NAME = AccentColor;
				CODE_SIGN_STYLE = Automatic;
				DEVELOPMENT_TEAM = Z2TC3L6A9U;
				INFOPLIST_FILE = SteelAlphaMaket/Info.plist;
				LD_RUNPATH_SEARCH_PATHS = (
					"$(inherited)",
					"@executable_path/Frameworks",
				);
				PRODUCT_BUNDLE_IDENTIFIER = "Danya-Belskiy.SteelAlphaMaket";
				PRODUCT_NAME = "$(TARGET_NAME)";
				SWIFT_VERSION = 5.0;
				TARGETED_DEVICE_FAMILY = "1,2";
			};
			name = Release;
		};
/* End XCBuildConfiguration section */

/* Begin XCConfigurationList section */
		3BC2B1CA2682447C00CF64F2 /* Build configuration list for PBXProject "SteelAlphaMaket" */ = {
			isa = XCConfigurationList;
			buildConfigurations = (
				3BC2B1E12682447D00CF64F2 /* Debug */,
				3BC2B1E22682447D00CF64F2 /* Release */,
			);
			defaultConfigurationIsVisible = 0;
			defaultConfigurationName = Release;
		};
		3BC2B1E32682447D00CF64F2 /* Build configuration list for PBXNativeTarget "SteelAlphaMaket" */ = {
			isa = XCConfigurationList;
			buildConfigurations = (
				3BC2B1E42682447D00CF64F2 /* Debug */,
				3BC2B1E52682447D00CF64F2 /* Release */,
			);
			defaultConfigurationIsVisible = 0;
			defaultConfigurationName = Release;
		};
/* End XCConfigurationList section */
	};
	rootObject = 3BC2B1C72682447C00CF64F2 /* Project object */;
}
